# This file is generated by running "yarn install" inside your project.
# Manual changes might be lost - proceed with caution!

__metadata:
  version: 8
  cacheKey: 10c0

"@commander-js/extra-typings@npm:^14.0.0":
  version: 14.0.0
  resolution: "@commander-js/extra-typings@npm:14.0.0"
  peerDependencies:
    commander: ~14.0.0
  checksum: 10c0/b064889e254e1c895886ec8148ac6e0d9bfa3c0336b9ee58124178308819dcf008f15e2a7abdc89b6c1ac3bdbd8003d8cfdaf363971d41dcce64b28c9714af12
  languageName: node
  linkType: hard

"commander@npm:^14.0.3":
  version: 14.0.3
  resolution: "commander@npm:14.0.3"
  checksum: 10c0/755652564bbf56ff2ff083313912b326450d3f8d8c85f4b71416539c9a05c3c67dbd206821ca72635bf6b160e2afdefcb458e86b317827d5cb333b69ce7f1a24
  languageName: node
  linkType: hard

"transi-store@workspace:.":
  version: 0.0.0-use.local
  resolution: "transi-store@workspace:."
  dependencies:
    "@commander-js/extra-typings": "npm:^14.0.0"
    commander: "npm:^14.0.3"
    zod: "npm:^4.3.6"
  languageName: unknown
  linkType: soft

"zod@npm:^4.3.6":
  version: 4.3.6
  resolution: "zod@npm:4.3.6"
  checksum: 10c0/860d25a81ab41d33aa25f8d0d07b091a04acb426e605f396227a796e9e800c44723ed96d0f53a512b57be3d1520f45bf69c0cb3b378a232a00787a2609625307
  languageName: node
  linkType: hard
